
Microsoft Visual Studio Solution File, Format Version 12.00
# Visual Studio Version 17
VisualStudioVersion = 17.4.33213.308
MinimumVisualStudioVersion = 10.0.40219.1
Project("{FAE04EC0-301F-11D3-BF4B-00C04F79EFBC}") = "Week8EpicGame", "Week8EpicGame\Week8EpicGame.csproj", "{50A03A92-6040-4A7E-85E0-7A9DE0790E15}"
EndProject
Global
	GlobalSection(SolutionConfigurationPlatforms) = preSolution
		Debug|Any CPU = Debug|Any CPU
		Release|Any CPU = Release|Any CPU
	EndGlobalSection
	GlobalSection(ProjectConfigurationPlatforms) = postSolution
		{50A03A92-6040-4A7E-85E0-7A9DE0790E15}.Debug|Any CPU.ActiveCfg = Debug|Any CPU
		{50A03A92-6040-4A7E-85E0-7A9DE0790E15}.Debug|Any CPU.Build.0 = Debug|Any CPU
		{50A03A92-6040-4A7E-85E0-7A9DE0790E15}.Release|Any CPU.ActiveCfg = Release|Any CPU
		{50A03A92-6040-4A7E-85E0-7A9DE0790E15}.Release|Any CPU.Build.0 = Release|Any CPU
	EndGlobalSection
	GlobalSection(SolutionProperties) = preSolution
		HideSolutionNode = FALSE
	EndGlobalSection
	GlobalSection(ExtensibilityGlobals) = postSolution
		SolutionGuid = {F77E333B-F1A6-4781-9BC9-F1ED3F6D604D}
	EndGlobalSection
EndGlobal
